
Microsoft Visual Studio Solution File, Format Version 12.00
# Visual Studio Version 17
VisualStudioVersion = 17.3.32825.248
MinimumVisualStudioVersion = 10.0.40219.1
Project("{FAE04EC0-301F-11D3-BF4B-00C04F79EFBC}") = "YouBase", "YouBase\YouBase.csproj", "{2F928F0A-F252-4349-973E-599488CE3EDA}"
EndProject
Global
	GlobalSection(SolutionConfigurationPlatforms) = preSolution
		Debug|Any CPU = Debug|Any CPU
		Release|Any CPU = Release|Any CPU
	EndGlobalSection
	GlobalSection(ProjectConfigurationPlatforms) = postSolution
		{2F928F0A-F252-4349-973E-599488CE3EDA}.Debug|Any CPU.ActiveCfg = Debug|Any CPU
		{2F928F0A-F252-4349-973E-599488CE3EDA}.Debug|Any CPU.Build.0 = Debug|Any CPU
		{2F928F0A-F252-4349-973E-599488CE3EDA}.Release|Any CPU.ActiveCfg = Release|Any CPU
		{2F928F0A-F252-4349-973E-599488CE3EDA}.Release|Any CPU.Build.0 = Release|Any CPU
	EndGlobalSection
	GlobalSection(SolutionProperties) = preSolution
		HideSolutionNode = FALSE
	EndGlobalSection
	GlobalSection(ExtensibilityGlobals) = postSolution
		SolutionGuid = {E500C3B8-196A-4E32-8B2E-9E11F10D11A4}
	EndGlobalSection
EndGlobal
